// !$*UTF8*$!
{
	archiveVersion = 1;
	classes = {
	};
	objectVersion = 51;
	objects = {

/* Begin PBXBuildFile section */
		2D6479AD25ED1FE8008CE72A /* ExampleCell.swift in Sources */ = {isa = PBXBuildFile; fileRef = 2D6479AC25ED1FE8008CE72A /* ExampleCell.swift */; };
		2D88C1CF25EBDDB8000EA53F /* AppDelegate.swift in Sources */ = {isa = PBXBuildFile; fileRef = 2D88C1CE25EBDDB8000EA53F /* AppDelegate.swift */; };
		2D88C1D125EBDDB8000EA53F /* SceneDelegate.swift in Sources */ = {isa = PBXBuildFile; fileRef = 2D88C1D025EBDDB8000EA53F /* SceneDelegate.swift */; };
		2D88C1D625EBDDB8000EA53F /* Main.storyboard in Resources */ = {isa = PBXBuildFile; fileRef = 2D88C1D425EBDDB8000EA53F /* Main.storyboard */; };
		2D88C1D825EBDDBB000EA53F /* Assets.xcassets in Resources */ = {isa = PBXBuildFile; fileRef = 2D88C1D725EBDDBB000EA53F /* Assets.xcassets */; };
		2D88C1DB25EBDDBB000EA53F /* LaunchScreen.storyboard in Resources */ = {isa = PBXBuildFile; fileRef = 2D88C1D925EBDDBB000EA53F /* LaunchScreen.storyboard */; };
		2D94A1DB2960317C00B92F62 /* ExampleView.swift in Sources */ = {isa = PBXBuildFile; fileRef = 2D94A1DA2960317C00B92F62 /* ExampleView.swift */; };
		2DB5EBE025EBDFE300733C51 /* ListExampleView.swift in Sources */ = {isa = PBXBuildFile; fileRef = 2DB5EBDF25EBDFE300733C51 /* ListExampleView.swift */; };
		2DB5EC3F25ECC09D00733C51 /* ListExamplePresenter.swift in Sources */ = {isa = PBXBuildFile; fileRef = 2DB5EC3E25ECC09D00733C51 /* ListExamplePresenter.swift */; };
		4CCDEBC256A39F1712DE339C /* Pods_CoreCollectionExample.framework in Frameworks */ = {isa = PBXBuildFile; fileRef = BCE266EF0270E0EC76A614B7 /* Pods_CoreCollectionExample.framework */; };
/* End PBXBuildFile section */

/* Begin PBXFileReference section */
		12D31B9D3BCD6FBFF5252A99 /* Pods-CoreCollectionExample.debug.xcconfig */ = {isa = PBXFileReference; includeInIndex = 1; lastKnownFileType = text.xcconfig; name = "Pods-CoreCollectionExample.debug.xcconfig"; path = "Target Support Files/Pods-CoreCollectionExample/Pods-CoreCollectionExample.debug.xcconfig"; sourceTree = "<group>"; };
		2D6479AC25ED1FE8008CE72A /* ExampleCell.swift */ = {isa = PBXFileReference; lastKnownFileType = sourcecode.swift; path = ExampleCell.swift; sourceTree = "<group>"; };
		2D88C1CB25EBDDB8000EA53F /* CoreCollectionExample.app */ = {isa = PBXFileReference; explicitFileType = wrapper.application; includeInIndex = 0; path = CoreCollectionExample.app; sourceTree = BUILT_PRODUCTS_DIR; };
		2D88C1CE25EBDDB8000EA53F /* AppDelegate.swift */ = {isa = PBXFileReference; lastKnownFileType = sourcecode.swift; path = AppDelegate.swift; sourceTree = "<group>"; };
		2D88C1D025EBDDB8000EA53F /* SceneDelegate.swift */ = {isa = PBXFileReference; lastKnownFileType = sourcecode.swift; path = SceneDelegate.swift; sourceTree = "<group>"; };
		2D88C1D525EBDDB8000EA53F /* Base */ = {isa = PBXFileReference; lastKnownFileType = file.storyboard; name = Base; path = Base.lproj/Main.storyboard; sourceTree = "<group>"; };
		2D88C1D725EBDDBB000EA53F /* Assets.xcassets */ = {isa = PBXFileReference; lastKnownFileType = folder.assetcatalog; path = Assets.xcassets; sourceTree = "<group>"; };
		2D88C1DA25EBDDBB000EA53F /* Base */ = {isa = PBXFileReference; lastKnownFileType = file.storyboard; name = Base; path = Base.lproj/LaunchScreen.storyboard; sourceTree = "<group>"; };
		2D88C1DC25EBDDBB000EA53F /* Info.plist */ = {isa = PBXFileReference; lastKnownFileType = text.plist.xml; path = Info.plist; sourceTree = "<group>"; };
		2D94A1DA2960317C00B92F62 /* ExampleView.swift */ = {isa = PBXFileReference; lastKnownFileType = sourcecode.swift; path = ExampleView.swift; sourceTree = "<group>"; };
		2DB5EBDF25EBDFE300733C51 /* ListExampleView.swift */ = {isa = PBXFileReference; lastKnownFileType = sourcecode.swift; path = ListExampleView.swift; sourceTree = "<group>"; };
		2DB5EC3E25ECC09D00733C51 /* ListExamplePresenter.swift */ = {isa = PBXFileReference; lastKnownFileType = sourcecode.swift; path = ListExamplePresenter.swift; sourceTree = "<group>"; };
		801DD9A1D4CCD1B342953837 /* Pods-CoreCollectionExample.release.xcconfig */ = {isa = PBXFileReference; includeInIndex = 1; lastKnownFileType = text.xcconfig; name = "Pods-CoreCollectionExample.release.xcconfig"; path = "Target Support Files/Pods-CoreCollectionExample/Pods-CoreCollectionExample.release.xcconfig"; sourceTree = "<group>"; };
		BCE266EF0270E0EC76A614B7 /* Pods_CoreCollectionExample.framework */ = {isa = PBXFileReference; explicitFileType = wrapper.framework; includeInIndex = 0; path = Pods_CoreCollectionExample.framework; sourceTree = BUILT_PRODUCTS_DIR; };
/* End PBXFileReference section */

/* Begin PBXFrameworksBuildPhase section */
		2D88C1C825EBDDB8000EA53F /* Frameworks */ = {
			isa = PBXFrameworksBuildPhase;
			buildActionMask = 2147483647;
			files = (
				4CCDEBC256A39F1712DE339C /* Pods_CoreCollectionExample.framework in Frameworks */,
			);
			runOnlyForDeploymentPostprocessing = 0;
		};
/* End PBXFrameworksBuildPhase section */

/* Begin PBXGroup section */
		2D6479D525ED22E6008CE72A /* TableView */ = {
			isa = PBXGroup;
			children = (
				2D6479AC25ED1FE8008CE72A /* ExampleCell.swift */,
				2D94A1DA2960317C00B92F62 /* ExampleView.swift */,
			);
			path = TableView;
			sourceTree = "<group>";
		};
		2D88C1C225EBDDB8000EA53F = {
			isa = PBXGroup;
			children = (
				2D88C1CD25EBDDB8000EA53F /* CoreCollectionExample */,
				2D88C1CC25EBDDB8000EA53F /* Products */,
				F8E5FEB4E2DDFBB15840F7A5 /* Pods */,
				A7B48F928804253F343FAB3D /* Frameworks */,
			);
			sourceTree = "<group>";
		};
		2D88C1CC25EBDDB8000EA53F /* Products */ = {
			isa = PBXGroup;
			children = (
				2D88C1CB25EBDDB8000EA53F /* CoreCollectionExample.app */,
			);
			name = Products;
			sourceTree = "<group>";
		};
		2D88C1CD25EBDDB8000EA53F /* CoreCollectionExample */ = {
			isa = PBXGroup;
			children = (
				2DB5EBDD25EBDFCF00733C51 /* ListExample */,
				2D88C1CE25EBDDB8000EA53F /* AppDelegate.swift */,
				2D88C1D025EBDDB8000EA53F /* SceneDelegate.swift */,
				2D88C1D425EBDDB8000EA53F /* Main.storyboard */,
				2D88C1D725EBDDBB000EA53F /* Assets.xcassets */,
				2D88C1D925EBDDBB000EA53F /* LaunchScreen.storyboard */,
				2D88C1DC25EBDDBB000EA53F /* Info.plist */,
			);
			path = CoreCollectionExample;
			sourceTree = "<group>";
		};
		2DB5EBDD25EBDFCF00733C51 /* ListExample */ = {
			isa = PBXGroup;
			children = (
				2D6479D525ED22E6008CE72A /* TableView */,
				2DB5EBDF25EBDFE300733C51 /* ListExampleView.swift */,
				2DB5EC3E25ECC09D00733C51 /* ListExamplePresenter.swift */,
			);
			path = ListExample;
			sourceTree = "<group>";
		};
		A7B48F928804253F343FAB3D /* Frameworks */ = {
			isa = PBXGroup;
			children = (
				BCE266EF0270E0EC76A614B7 /* Pods_CoreCollectionExample.framework */,
			);
			name = Frameworks;
			sourceTree = "<group>";
		};
		F8E5FEB4E2DDFBB15840F7A5 /* Pods */ = {
			isa = PBXGroup;
			children = (
				12D31B9D3BCD6FBFF5252A99 /* Pods-CoreCollectionExample.debug.xcconfig */,
				801DD9A1D4CCD1B342953837 /* Pods-CoreCollectionExample.release.xcconfig */,
			);
			path = Pods;
			sourceTree = "<group>";
		};
/* End PBXGroup section */

/* Begin PBXNativeTarget section */
		2D88C1CA25EBDDB8000EA53F /* CoreCollectionExample */ = {
			isa = PBXNativeTarget;
			buildConfigurationList = 2D88C1DF25EBDDBB000EA53F /* Build configuration list for PBXNativeTarget "CoreCollectionExample" */;
			buildPhases = (
				7F0323C35AEA2F50B58EA8A8 /* [CP] Check Pods Manifest.lock */,
				2D88C1C725EBDDB8000EA53F /* Sources */,
				2D88C1C825EBDDB8000EA53F /* Frameworks */,
				2D88C1C925EBDDB8000EA53F /* Resources */,
				D30F920EEEBBAF7FDE305B3A /* [CP] Embed Pods Frameworks */,
			);
			buildRules = (
			);
			dependencies = (
			);
			name = CoreCollectionExample;
			packageProductDependencies = (
			);
			productName = CoreCollectionExample;
			productReference = 2D88C1CB25EBDDB8000EA53F /* CoreCollectionExample.app */;
			productType = "com.apple.product-type.application";
		};
/* End PBXNativeTarget section */

/* Begin PBXProject section */
		2D88C1C325EBDDB8000EA53F /* Project object */ = {
			isa = PBXProject;
			attributes = {
				LastSwiftUpdateCheck = 1230;
				LastUpgradeCheck = 1230;
				TargetAttributes = {
					2D88C1CA25EBDDB8000EA53F = {
						CreatedOnToolsVersion = 12.3;
					};
				};
			};
			buildConfigurationList = 2D88C1C625EBDDB8000EA53F /* Build configuration list for PBXProject "CoreCollectionExample" */;
			compatibilityVersion = "Xcode 9.3";
			developmentRegion = en;
			hasScannedForEncodings = 0;
			knownRegions = (
				en,
				Base,
			);
			mainGroup = 2D88C1C225EBDDB8000EA53F;
			packageReferences = (
			);
			productRefGroup = 2D88C1CC25EBDDB8000EA53F /* Products */;
			projectDirPath = "";
			projectRoot = "";
			targets = (
				2D88C1CA25EBDDB8000EA53F /* CoreCollectionExample */,
			);
		};
/* End PBXProject section */

/* Begin PBXResourcesBuildPhase section */
		2D88C1C925EBDDB8000EA53F /* Resources */ = {
			isa = PBXResourcesBuildPhase;
			buildActionMask = 2147483647;
			files = (
				2D88C1DB25EBDDBB000EA53F /* LaunchScreen.storyboard in Resources */,
				2D88C1D825EBDDBB000EA53F /* Assets.xcassets in Resources */,
				2D88C1D625EBDDB8000EA53F /* Main.storyboard in Resources */,
			);
			runOnlyForDeploymentPostprocessing = 0;
		};
/* End PBXResourcesBuildPhase section */

/* Begin PBXShellScriptBuildPhase section */
		7F0323C35AEA2F50B58EA8A8 /* [CP] Check Pods Manifest.lock */ = {
			isa = PBXShellScriptBuildPhase;
			buildActionMask = 2147483647;
			files = (
			);
			inputFileListPaths = (
			);
			inputPaths = (
				"${PODS_PODFILE_DIR_PATH}/Podfile.lock",
				"${PODS_ROOT}/Manifest.lock",
			);
			name = "[CP] Check Pods Manifest.lock";
			outputFileListPaths = (
			);
			outputPaths = (
				"$(DERIVED_FILE_DIR)/Pods-CoreCollectionExample-checkManifestLockResult.txt",
			);
			runOnlyForDeploymentPostprocessing = 0;
			shellPath = /bin/sh;
			shellScript = "diff \"${PODS_PODFILE_DIR_PATH}/Podfile.lock\" \"${PODS_ROOT}/Manifest.lock\" > /dev/null\nif [ $? != 0 ] ; then\n    # print error to STDERR\n    echo \"error: The sandbox is not in sync with the Podfile.lock. Run 'pod install' or update your CocoaPods installation.\" >&2\n    exit 1\nfi\n# This output is used by Xcode 'outputs' to avoid re-running this script phase.\necho \"SUCCESS\" > \"${SCRIPT_OUTPUT_FILE_0}\"\n";
			showEnvVarsInLog = 0;
		};
		D30F920EEEBBAF7FDE305B3A /* [CP] Embed Pods Frameworks */ = {
			isa = PBXShellScriptBuildPhase;
			buildActionMask = 2147483647;
			files = (
			);
			inputFileListPaths = (
				"${PODS_ROOT}/Target Support Files/Pods-CoreCollectionExample/Pods-CoreCollectionExample-frameworks-${CONFIGURATION}-input-files.xcfilelist",
			);
			name = "[CP] Embed Pods Frameworks";
			outputFileListPaths = (
				"${PODS_ROOT}/Target Support Files/Pods-CoreCollectionExample/Pods-CoreCollectionExample-frameworks-${CONFIGURATION}-output-files.xcfilelist",
			);
			runOnlyForDeploymentPostprocessing = 0;
			shellPath = /bin/sh;
			shellScript = "\"${PODS_ROOT}/Target Support Files/Pods-CoreCollectionExample/Pods-CoreCollectionExample-frameworks.sh\"\n";
			showEnvVarsInLog = 0;
		};
/* End PBXShellScriptBuildPhase section */

/* Begin PBXSourcesBuildPhase section */
		2D88C1C725EBDDB8000EA53F /* Sources */ = {
			isa = PBXSourcesBuildPhase;
			buildActionMask = 2147483647;
			files = (
				2D6479AD25ED1FE8008CE72A /* ExampleCell.swift in Sources */,
				2D88C1CF25EBDDB8000EA53F /* AppDelegate.swift in Sources */,
				2DB5EC3F25ECC09D00733C51 /* ListExamplePresenter.swift in Sources */,
				2D88C1D125EBDDB8000EA53F /* SceneDelegate.swift in Sources */,
				2DB5EBE025EBDFE300733C51 /* ListExampleView.swift in Sources */,
				2D94A1DB2960317C00B92F62 /* ExampleView.swift in Sources */,
			);
			runOnlyForDeploymentPostprocessing = 0;
		};
/* End PBXSourcesBuildPhase section */

/* Begin PBXVariantGroup section */
		2D88C1D425EBDDB8000EA53F /* Main.storyboard */ = {
			isa = PBXVariantGroup;
			children = (
				2D88C1D525EBDDB8000EA53F /* Base */,
			);
			name = Main.storyboard;
			sourceTree = "<group>";
		};
		2D88C1D925EBDDBB000EA53F /* LaunchScreen.storyboard */ = {
			isa = PBXVariantGroup;
			children = (
				2D88C1DA25EBDDBB000EA53F /* Base */,
			);
			name = LaunchScreen.storyboard;
			sourceTree = "<group>";
		};
/* End PBXVariantGroup section */

/* Begin XCBuildConfiguration section */
		2D88C1DD25EBDDBB000EA53F /* Debug */ = {
			isa = XCBuildConfiguration;
			buildSettings = {
				ALWAYS_SEARCH_USER_PATHS = NO;
				CLANG_ANALYZER_NONNULL = YES;
				CLANG_ANALYZER_NUMBER_OBJECT_CONVERSION = YES_AGGRESSIVE;
				CLANG_CXX_LANGUAGE_STANDARD = "gnu++14";
				CLANG_CXX_LIBRARY = "libc++";
				CLANG_ENABLE_MODULES = YES;
				CLANG_ENABLE_OBJC_ARC = YES;
				CLANG_ENABLE_OBJC_WEAK = YES;
				CLANG_WARN_BLOCK_CAPTURE_AUTORELEASING = YES;
				CLANG_WARN_BOOL_CONVERSION = YES;
				CLANG_WARN_COMMA = YES;
				CLANG_WARN_CONSTANT_CONVERSION = YES;
				CLANG_WARN_DEPRECATED_OBJC_IMPLEMENTATIONS = YES;
				CLANG_WARN_DIRECT_OBJC_ISA_USAGE = YES_ERROR;
				CLANG_WARN_DOCUMENTATION_COMMENTS = YES;
				CLANG_WARN_EMPTY_BODY = YES;
				CLANG_WARN_ENUM_CONVERSION = YES;
				CLANG_WARN_INFINITE_RECURSION = YES;
				CLANG_WARN_INT_CONVERSION = YES;
				CLANG_WARN_NON_LITERAL_NULL_CONVERSION = YES;
				CLANG_WARN_OBJC_IMPLICIT_RETAIN_SELF = YES;
				CLANG_WARN_OBJC_LITERAL_CONVERSION = YES;
				CLANG_WARN_OBJC_ROOT_CLASS = YES_ERROR;
				CLANG_WARN_QUOTED_INCLUDE_IN_FRAMEWORK_HEADER = YES;
				CLANG_WARN_RANGE_LOOP_ANALYSIS = YES;
				CLANG_WARN_STRICT_PROTOTYPES = YES;
				CLANG_WARN_SUSPICIOUS_MOVE = YES;
				CLANG_WARN_UNGUARDED_AVAILABILITY = YES_AGGRESSIVE;
				CLANG_WARN_UNREACHABLE_CODE = YES;
				CLANG_WARN__DUPLICATE_METHOD_MATCH = YES;
				COPY_PHASE_STRIP = NO;
				DEBUG_INFORMATION_FORMAT = dwarf;
				ENABLE_STRICT_OBJC_MSGSEND = YES;
				ENABLE_TESTABILITY = YES;
				GCC_C_LANGUAGE_STANDARD = gnu11;
				GCC_DYNAMIC_NO_PIC = NO;
				GCC_NO_COMMON_BLOCKS = YES;
				GCC_OPTIMIZATION_LEVEL = 0;
				GCC_PREPROCESSOR_DEFINITIONS = (
					"DEBUG=1",
					"$(inherited)",
				);
				GCC_WARN_64_TO_32_BIT_CONVERSION = YES;
				GCC_WARN_ABOUT_RETURN_TYPE = YES_ERROR;
				GCC_WARN_UNDECLARED_SELECTOR = YES;
				GCC_WARN_UNINITIALIZED_AUTOS = YES_AGGRESSIVE;
				GCC_WARN_UNUSED_FUNCTION = YES;
				GCC_WARN_UNUSED_VARIABLE = YES;
				IPHONEOS_DEPLOYMENT_TARGET = 14.3;
				MTL_ENABLE_DEBUG_INFO = INCLUDE_SOURCE;
				MTL_FAST_MATH = YES;
				ONLY_ACTIVE_ARCH = YES;
				SDKROOT = iphoneos;
				SWIFT_ACTIVE_COMPILATION_CONDITIONS = DEBUG;
				SWIFT_OPTIMIZATION_LEVEL = "-Onone";
			};
			name = Debug;
		};
		2D88C1DE25EBDDBB000EA53F /* Release */ = {
			isa = XCBuildConfiguration;
			buildSettings = {
				ALWAYS_SEARCH_USER_PATHS = NO;
				CLANG_ANALYZER_NONNULL = YES;
				CLANG_ANALYZER_NUMBER_OBJECT_CONVERSION = YES_AGGRESSIVE;
				CLANG_CXX_LANGUAGE_STANDARD = "gnu++14";
				CLANG_CXX_LIBRARY = "libc++";
				CLANG_ENABLE_MODULES = YES;
				CLANG_ENABLE_OBJC_ARC = YES;
				CLANG_ENABLE_OBJC_WEAK = YES;
				CLANG_WARN_BLOCK_CAPTURE_AUTORELEASING = YES;
				CLANG_WARN_BOOL_CONVERSION = YES;
				CLANG_WARN_COMMA = YES;
				CLANG_WARN_CONSTANT_CONVERSION = YES;
				CLANG_WARN_DEPRECATED_OBJC_IMPLEMENTATIONS = YES;
				CLANG_WARN_DIRECT_OBJC_ISA_USAGE = YES_ERROR;
				CLANG_WARN_DOCUMENTATION_COMMENTS = YES;
				CLANG_WARN_EMPTY_BODY = YES;
				CLANG_WARN_ENUM_CONVERSION = YES;
				CLANG_WARN_INFINITE_RECURSION = YES;
				CLANG_WARN_INT_CONVERSION = YES;
				CLANG_WARN_NON_LITERAL_NULL_CONVERSION = YES;
				CLANG_WARN_OBJC_IMPLICIT_RETAIN_SELF = YES;
				CLANG_WARN_OBJC_LITERAL_CONVERSION = YES;
				CLANG_WARN_OBJC_ROOT_CLASS = YES_ERROR;
				CLANG_WARN_QUOTED_INCLUDE_IN_FRAMEWORK_HEADER = YES;
				CLANG_WARN_RANGE_LOOP_ANALYSIS = YES;
				CLANG_WARN_STRICT_PROTOTYPES = YES;
				CLANG_WARN_SUSPICIOUS_MOVE = YES;
				CLANG_WARN_UNGUARDED_AVAILABILITY = YES_AGGRESSIVE;
				CLANG_WARN_UNREACHABLE_CODE = YES;
				CLANG_WARN__DUPLICATE_METHOD_MATCH = YES;
				COPY_PHASE_STRIP = NO;
				DEBUG_INFORMATION_FORMAT = "dwarf-with-dsym";
				ENABLE_NS_ASSERTIONS = NO;
				ENABLE_STRICT_OBJC_MSGSEND = YES;
				GCC_C_LANGUAGE_STANDARD = gnu11;
				GCC_NO_COMMON_BLOCKS = YES;
				GCC_WARN_64_TO_32_BIT_CONVERSION = YES;
				GCC_WARN_ABOUT_RETURN_TYPE = YES_ERROR;
				GCC_WARN_UNDECLARED_SELECTOR = YES;
				GCC_WARN_UNINITIALIZED_AUTOS = YES_AGGRESSIVE;
				GCC_WARN_UNUSED_FUNCTION = YES;
				GCC_WARN_UNUSED_VARIABLE = YES;
				IPHONEOS_DEPLOYMENT_TARGET = 14.3;
				MTL_ENABLE_DEBUG_INFO = NO;
				MTL_FAST_MATH = YES;
				SDKROOT = iphoneos;
				SWIFT_COMPILATION_MODE = wholemodule;
				SWIFT_OPTIMIZATION_LEVEL = "-O";
				VALIDATE_PRODUCT = YES;
			};
			name = Release;
		};
		2D88C1E025EBDDBB000EA53F /* Debug */ = {
			isa = XCBuildConfiguration;
			baseConfigurationReference = 12D31B9D3BCD6FBFF5252A99 /* Pods-CoreCollectionExample.debug.xcconfig */;
			buildSettings = {
				ASSETCATALOG_COMPILER_APPICON_NAME = AppIcon;
				ASSETCATALOG_COMPILER_GLOBAL_ACCENT_COLOR_NAME = AccentColor;
				CODE_SIGN_STYLE = Automatic;
				DEVELOPMENT_TEAM = NLR9V96NZ8;
				INFOPLIST_FILE = CoreCollectionExample/Info.plist;
				LD_RUNPATH_SEARCH_PATHS = (
					"$(inherited)",
					"@executable_path/Frameworks",
				);
				PRODUCT_BUNDLE_IDENTIFIER = skibinalexander.libraries.CoreCollectionExample;
				PRODUCT_NAME = "$(TARGET_NAME)";
				SWIFT_VERSION = 5.0;
				TARGETED_DEVICE_FAMILY = "1,2";
			};
			name = Debug;
		};
		2D88C1E125EBDDBB000EA53F /* Release */ = {
			isa = XCBuildConfiguration;
			baseConfigurationReference = 801DD9A1D4CCD1B342953837 /* Pods-CoreCollectionExample.release.xcconfig */;
			buildSettings = {
				ASSETCATALOG_COMPILER_APPICON_NAME = AppIcon;
				ASSETCATALOG_COMPILER_GLOBAL_ACCENT_COLOR_NAME = AccentColor;
				CODE_SIGN_STYLE = Automatic;
				DEVELOPMENT_TEAM = NLR9V96NZ8;
				INFOPLIST_FILE = CoreCollectionExample/Info.plist;
				LD_RUNPATH_SEARCH_PATHS = (
					"$(inherited)",
					"@executable_path/Frameworks",
				);
				PRODUCT_BUNDLE_IDENTIFIER = skibinalexander.libraries.CoreCollectionExample;
				PRODUCT_NAME = "$(TARGET_NAME)";
				SWIFT_VERSION = 5.0;
				TARGETED_DEVICE_FAMILY = "1,2";
			};
			name = Release;
		};
/* End XCBuildConfiguration section */

/* Begin XCConfigurationList section */
		2D88C1C625EBDDB8000EA53F /* Build configuration list for PBXProject "CoreCollectionExample" */ = {
			isa = XCConfigurationList;
			buildConfigurations = (
				2D88C1DD25EBDDBB000EA53F /* Debug */,
				2D88C1DE25EBDDBB000EA53F /* Release */,
			);
			defaultConfigurationIsVisible = 0;
			defaultConfigurationName = Release;
		};
		2D88C1DF25EBDDBB000EA53F /* Build configuration list for PBXNativeTarget "CoreCollectionExample" */ = {
			isa = XCConfigurationList;
			buildConfigurations = (
				2D88C1E025EBDDBB000EA53F /* Debug */,
				2D88C1E125EBDDBB000EA53F /* Release */,
			);
			defaultConfigurationIsVisible = 0;
			defaultConfigurationName = Release;
		};
/* End XCConfigurationList section */
	};
	rootObject = 2D88C1C325EBDDB8000EA53F /* Project object */;
}
